{
  "name": "adyen-node-online-payments-adyenlaptop",
  "lockfileVersion": 3,
  "requires": true,
  "packages": {
    "": {
      "dependencies": {
        "express": "^5.1.0"
      }
    },
    "node_modules/accepts": {
      "version": "2.0.0",
      "resolved": "https://nexushost.is.adyen.com/repository/npm-internal/accepts/-/accepts-2.0.0.tgz",
      "integrity": "sha512-SR0ST5hgFiO6oIUsedyIFz7SigOQiloTnM4iTHVLmadfTqNROFWFwA7fJ9kAb2GEYCZZNLMp1aOd/LZrPfJhvw==",
      "license": "MIT",
      "dependencies": {
        "mime-types": "^3.0.0",
        "negotiator": "^1.0.0"
      },
      "engines": {
        "node": ">= 0.6"
      }
    },
    "node_modules/body-parser": {
      "version": "2.2.0",
      "resolved": "https://nexushost.is.adyen.com/repository/npm-internal/body-parser/-/body-parser-2.2.0.tgz",
      "integrity": "sha512-EDGeJb4rV7shDmbSXcxS8sbhm4hDsQuWHbNZPQ+JQsUBu4Zgnc2z1Enz412T8TuCUlYVlRS8embFDM2mWOoNNw==",
      "license": "MIT",
      "dependencies": {
        "bytes": "^3.1.2",
        "content-type": "^1.0.5",
        "debug": "^4.4.0",
        "http-errors": "^2.0.0",
        "iconv-lite": "^0.6.3",
        "on-finished": "^2.4.1",
        "qs": "^6.14.0",
        "raw-body": "^3.0.0",
        "type-is": "^2.0.0"
      },
      "engines": {
        "node": ">=18"
      }
    },
    "node_modules/bytes": {
      "version": "3.1.2",
      "resolved": "https://nexushost.is.adyen.com/repository/npm-internal/bytes/-/bytes-3.1.2.tgz",
      "integrity": "sha512-T0Fba3XixGkhqxKqon4/dEwjLkLbYbFPlPxuy43VqR2zrkh3tR+IqeEH/NdFbzAFJq0z9E8O82tG10jBrtBLQA==",
      "license": "MIT",
      "engines": {
        "node": ">= 0.8"
      }
    },
    "node_modules/call-bind-apply-helpers": {
      "version": "1.0.2",
      "resolved": "https://nexushost.is.adyen.com/repository/npm-internal/call-bind-apply-helpers/-/call-bind-apply-helpers-1.0.2.tgz",
      "integrity": "sha512-h50kk7EeBWjGbR8iydmWOS0sa2OF0d71cpyWCSPw63UAgb6o9RU1oBkIiYAScageJj1noNqjotuNaTFKIqBXfw==",
      "license": "MIT",
      "dependencies": {
        "es-errors": "^1.3.0",
        "function-bind": "^1.1.2"
      },
      "engines": {
        "node": ">= 0.4"
      }
    },
    "node_modules/call-bound": {
      "version": "1.0.4",
      "resolved": "https://nexushost.is.adyen.com/repository/npm-internal/call-bound/-/call-bound-1.0.4.tgz",
      "integrity": "sha512-JN1SxDgQ/A4O1IBoYRCliOT9qNgp2/g7zIJER8k75p6Qs5C7UANb6kUxhUR7/9btA3R8USiuGC5W9YF7T+/PFw==",
      "license": "MIT",
      "dependencies": {
        "call-bind-apply-helpers": "^1.0.2",
        "get-intrinsic": "^1.3.0"
      },
      "engines": {
        "node": ">= 0.4"
      },
      "funding": {
        "url": "https://github.com/sponsors/ljharb"
      }
    },
    "node_modules/content-disposition": {
      "version": "1.0.0",
      "resolved": "https://nexushost.is.adyen.com/repository/npm-internal/content-disposition/-/content-disposition-1.0.0.tgz",
      "integrity": "sha512-LQ7eyP7J6vbbxBVQEWMCE0YXEpzljszZs0cgLHZLYyUGoEWwkf5r1PY9rZiZkIMN2MzwEckqclTK4Q64xoiXxw==",
      "license": "MIT",
      "dependencies": {
        "safe-buffer": "5.2.1"
      },
      "engines": {
        "node": ">= 0.6"
      }
    },
    "node_modules/content-type": {
      "version": "1.0.5",
      "resolved": "https://nexushost.is.adyen.com/repository/npm-internal/content-type/-/content-type-1.0.5.tgz",
      "integrity": "sha512-tdwWmxkcWGrHDGKQzTrnbxIcezBq3+pz1bBe0PiCUUwTtZqZZZ//tH/6XTWnxMMJF78EM6aJvZDvNTEnWOWcSA==",
      "license": "MIT",
      "engines": {
        "node": ">= 0.6"
      }
    },
    "node_modules/cookie": {
      "version": "0.7.2",
      "resolved": "https://nexushost.is.adyen.com/repository/npm-internal/cookie/-/cookie-0.7.2.tgz",
      "integrity": "sha512-I4OgQAn2D4fH4NXbXgBySaY3+jdfaGZmEILvZr9amq6TCDb/a6jB8CIsQuueenC7Sld5QuB/+Y63mj/rkHrjyw==",
      "license": "MIT",
      "engines": {
        "node": ">= 0.6"
      }
    },
    "node_modules/cookie-signature": {
      "version": "1.2.2",
      "resolved": "https://nexushost.is.adyen.com/repository/npm-internal/cookie-signature/-/cookie-signature-1.2.2.tgz",
      "integrity": "sha512-QeovC5gu/vyPeh3FSz/6/rQ1dD+THSFJTI2eQxA1XqDOoJj+cylRr2z7p+QOwH/3mAl1/YqH06jCB2LkvrPrbA==",
      "license": "MIT",
      "engines": {
        "node": ">=6.6.0"
      }
    },
    "node_modules/debug": {
      "version": "4.4.1",
      "resolved": "https://nexushost.is.adyen.com/repository/npm-internal/debug/-/debug-4.4.1.tgz",
      "integrity": "sha512-C7OKKaidNiy6rLZgTsmpS+bP55PEHZlWXIBWm4JmWtvOwVnbVtJ7pECadAUR4kIFiqKhBjmyQ3UpjD+rrIJgSg==",
      "license": "MIT",
      "dependencies": {
        "ms": "^2.1.3"
      },
      "engines": {
        "node": ">=6.0"
      },
      "peerDependenciesMeta": {
        "supports-color": {
          "optional": true
        }
      }
    },
    "node_modules/depd": {
      "version": "2.0.0",
      "resolved": "https://nexushost.is.adyen.com/repository/npm-internal/depd/-/depd-2.0.0.tgz",
      "integrity": "sha512-J76hsBQAtQ22cSJS6tDoZ2b+GMBZC91ZRRpku5YkoQsCyFbQtl7TKrrxEmMAsxHvMNg16r6Svt/Q9E1B69Fgow==",
      "license": "MIT",
      "engines": {
        "node": ">= 0.8"
      }
    },
    "node_modules/dunder-proto": {
      "version": "1.0.1",
      "resolved": "https://nexushost.is.adyen.com/repository/npm-internal/dunder-proto/-/dunder-proto-1.0.1.tgz",
      "integrity": "sha512-QtBWjYQ3kPD+gjZ9yb6g3OqwKnJzz8nFQ9pi2oR1YZqQygUiTPu900LH9yTQ9rrrpc/C1hcKhbCHXHzyLWVdaQ==",
      "license": "MIT",
      "dependencies": {
        "call-bind-apply-helpers": "^1.0.1",
        "es-errors": "^1.3.0",
        "gopd": "^1.2.0"
      },
      "engines": {
        "node": ">= 0.4"
      }
    },
    "node_modules/ee-first": {
      "version": "1.1.1",
      "resolved": "https://nexushost.is.adyen.com/repository/npm-internal/ee-first/-/ee-first-1.1.1.tgz",
      "integrity": "sha512-WMwm9LhRUo+WUaRN+vRuETqG89IgZphVSNkdFgeb6sS/E4OrDIN7t48CAewSHXc6C8lefD8KKfr5vY61brQlow==",
      "license": "MIT"
    },
    "node_modules/encodeurl": {
      "version": "2.0.0",
      "resolved": "https://nexushost.is.adyen.com/repository/npm-internal/encodeurl/-/encodeurl-2.0.0.tgz",
      "integrity": "sha512-d56hKMyDRn/wlrzR+CAXdXwzo8FB0mCJ8il2iqXfvrAtmDwphEH0c9qFFjyDRQFaVPF/MOwU36xaQjsLNWLpwA==",
      "license": "MIT",
      "engines": {
        "node": ">= 0.8"
      }
    },
    "node_modules/es-define-property": {
      "version": "1.0.1",
      "resolved": "https://nexushost.is.adyen.com/repository/npm-internal/es-define-property/-/es-define-property-1.0.1.tgz",
      "integrity": "sha512-S10Kp2KEeLw/yV8E8z86SHO6ovrk6mBdp2xBIpV0cbniX6fjCgSbjGU2O3YXVjlLRN6CTnhY0cBZBddk50zglg==",
      "license": "MIT",
      "engines": {
        "node": ">= 0.4"
      }
    },
    "node_modules/es-errors": {
      "version": "1.3.0",
      "resolved": "https://nexushost.is.adyen.com/repository/npm-internal/es-errors/-/es-errors-1.3.0.tgz",
      "integrity": "sha512-1d2TrB6HVHarlvw/LnkTr2iLuTGocAFcxagerJcV8Ibk43NJRcfSFYHimSfA4vPQZi4nbAoWirADHaV6eIKylw==",
      "license": "MIT",
      "engines": {
        "node": ">= 0.4"
      }
    },
    "node_modules/es-object-atoms": {
      "version": "1.1.1",
      "resolved": "https://nexushost.is.adyen.com/repository/npm-internal/es-object-atoms/-/es-object-atoms-1.1.1.tgz",
      "integrity": "sha512-r41P15cw4Q2kTCI9UtW/HSe1Bzw0tjjKz8cxEUV+ToM2bJugkF+C9nOeNZ/bZn+KBKuXysgNi3NYom3UY5yN+g==",
      "license": "MIT",
      "dependencies": {
        "es-errors": "^1.3.0"
      },
      "engines": {
        "node": ">= 0.4"
      }
    },
    "node_modules/escape-html": {
      "version": "1.0.3",
      "resolved": "https://nexushost.is.adyen.com/repository/npm-internal/escape-html/-/escape-html-1.0.3.tgz",
      "integrity": "sha512-NiSupZ4OeuGwr68lGIeym/ksIZMJodUGOSCZ/FSnTxcrekbvqrgdUxlJOMpijaKZVjAJrWrGs/6Jy8OMuyj9ow==",
      "license": "MIT"
    },
    "node_modules/etag": {
      "version": "1.8.1",
      "resolved": "https://nexushost.is.adyen.com/repository/npm-internal/etag/-/etag-1.8.1.tgz",
      "integrity": "sha512-aIL5Fx7mawVa300al2BnEE4iNvo1qETxLrPI/o05L7z6go7fCw1J6EQmbK4FmJ2AS7kgVF/KEZWufBfdClMcPg==",
      "license": "MIT",
      "engines": {
        "node": ">= 0.6"
      }
    },
    "node_modules/express": {
      "version": "5.1.0",
      "resolved": "https://nexushost.is.adyen.com/repository/npm-internal/express/-/express-5.1.0.tgz",
      "integrity": "sha512-42QL4Xq7zsgya6IVdeK5gA0rynRBP64IdHsGm6nDEAV6OXk/L+cjtP2lltoAo1VDrq1W9BWzuw5YfkxbsKsVpA==",
      "license": "MIT",
      "dependencies": {
        "accepts": "^2.0.0",
        "body-parser": "^2.2.0",
        "content-disposition": "^1.0.0",
        "content-type": "^1.0.5",
        "cookie": "^0.7.1",
        "cookie-signature": "^1.2.1",
        "debug": "^4.4.0",
        "encodeurl": "^2.0.0",
        "escape-html": "^1.0.3",
        "etag": "^1.8.1",
        "finalhandler": "^2.1.0",
        "fresh": "^2.0.0",
        "http-errors": "^2.0.0",
        "merge-descriptors": "^2.0.0",
        "mime-types": "^3.0.0",
        "on-finished": "^2.4.1",
        "once": "^1.4.0",
        "parseurl": "^1.3.3",
        "proxy-addr": "^2.0.7",
        "qs": "^6.14.0",
        "range-parser": "^1.2.1",
        "router": "^2.2.0",
        "send": "^1.1.0",
        "serve-static": "^2.2.0",
        "statuses": "^2.0.1",
        "type-is": "^2.0.1",
        "vary": "^1.1.2"
      },
      "engines": {
        "node": ">= 18"
      },
      "funding": {
        "type": "opencollective",
        "url": "https://opencollective.com/express"
      }
    },
    "node_modules/finalhandler": {
      "version": "2.1.0",
      "resolved": "https://nexushost.is.adyen.com/repository/npm-internal/finalhandler/-/finalhandler-2.1.0.tgz",
      "integrity": "sha512-pc2RruyCiZdlVkyTosYTMXtKkW0yDUVrDiNIXDaYyWdWofcWWxa4g1IIsqUBGpkBf6A+4kotIER/ScTj7rItmA==",
      "license": "MIT",
      "dependencies": {
        "debug": "^4.4.0",
        "encodeurl": "^2.0.0",
        "escape-html": "^1.0.3",
        "on-finished": "^2.4.1",
        "parseurl": "^1.3.3",
        "statuses": "^2.0.1"
      },
      "engines": {
        "node": ">= 0.8"
      }
    },
    "node_modules/forwarded": {
      "version": "0.2.0",
      "resolved": "https://nexushost.is.adyen.com/repository/npm-internal/forwarded/-/forwarded-0.2.0.tgz",
      "integrity": "sha512-wfPI4CagANsJKb/uqMRlP0AKuF1riByZG9IrZln8wzc+O1hMduV6/5j8Sc61Rc/Gz9WWSP5RCs6TN+CaS/Y+hg==",
      "license": "MIT",
      "engines": {
        "node": ">= 0.6"
      }
    },
    "node_modules/fresh": {
      "version": "2.0.0",
      "resolved": "https://nexushost.is.adyen.com/repository/npm-internal/fresh/-/fresh-2.0.0.tgz",
      "integrity": "sha512-7QyCg/LE9L9RJF59VX6qbRh06XE404wZdT0AbygcdTZBOO7ZjKu7Ait09M55oWMjFLQorbNKV0lXJ5MdbLXkFQ==",
      "license": "MIT",
      "engines": {
        "node": ">= 0.8"
      }
    },
    "node_modules/function-bind": {
      "version": "1.1.2",
      "resolved": "https://nexushost.is.adyen.com/repository/npm-internal/function-bind/-/function-bind-1.1.2.tgz",
      "integrity": "sha512-8ZGJWKzr1dat1XghMbGYZF9UxPChDMMEXRjHxjAhjc6/T0Lq+L0rWpCm415zpDfymNtODUNIHLVrosdiF70XDg==",
      "license": "MIT",
      "funding": {
        "url": "https://github.com/sponsors/ljharb"
      }
    },
    "node_modules/get-intrinsic": {
      "version": "1.3.0",
      "resolved": "https://nexushost.is.adyen.com/repository/npm-internal/get-intrinsic/-/get-intrinsic-1.3.0.tgz",
      "integrity": "sha512-8oBIzsP7+iCiWBjZ8+vOmai9RdeitTVU5Lg/EUVyEZVZ+psyjRtfOWgqBulpwAuKuYb9CwlEB9/p1JRyL9Tc8w==",
      "license": "MIT",
      "dependencies": {
        "call-bind-apply-helpers": "^1.0.2",
        "es-define-property": "^1.0.1",
        "es-errors": "^1.3.0",
        "es-object-atoms": "^1.1.1",
        "function-bind": "^1.1.2",
        "get-proto": "^1.0.1",
        "gopd": "^1.2.0",
        "has-symbols": "^1.1.0",
        "hasown": "^2.0.2",
        "math-intrinsics": "^1.1.0"
      },
      "engines": {
        "node": ">= 0.4"
      },
      "funding": {
        "url": "https://github.com/sponsors/ljharb"
      }
    },
    "node_modules/get-proto": {
      "version": "1.0.1",
      "resolved": "https://nexushost.is.adyen.com/repository/npm-internal/get-proto/-/get-proto-1.0.1.tgz",
      "integrity": "sha512-5jLFOX3ls1ChZpiOYX//ArXlFSHE3tdOelrOvKQn0WnhGKJXAYRKbctz21SpiYCUnHvSNqaS0mE1kBRmKkR8nA==",
      "license": "MIT",
      "dependencies": {
        "dunder-proto": "^1.0.1",
        "es-object-atoms": "^1.0.0"
      },
      "engines": {
        "node": ">= 0.4"
      }
    },
    "node_modules/gopd": {
      "version": "1.2.0",
      "resolved": "https://nexushost.is.adyen.com/repository/npm-internal/gopd/-/gopd-1.2.0.tgz",
      "integrity": "sha512-eXW2Zif0n1uhktFS48hDOF+bfcRIMvbUFC6bS8Q1ZBNn1F86BiH8LBTByEGGoZE5L1jc7/0PD/4lxxcuRTI47g==",
      "license": "MIT",
      "engines": {
        "node": ">= 0.4"
      },
      "funding": {
        "url": "https://github.com/sponsors/ljharb"
      }
    },
    "node_modules/has-symbols": {
      "version": "1.1.0",
      "resolved": "https://nexushost.is.adyen.com/repository/npm-internal/has-symbols/-/has-symbols-1.1.0.tgz",
      "integrity": "sha512-CKrPYIKPnzoHYw+fZ8sEcsKHHMj14jLoPVNP33dzBpnEA5sq6FirFw51GrlbuEiI1gzvR2Fr12NtOu19B6F0bg==",
      "license": "MIT",
      "engines": {
        "node": ">= 0.4"
      },
      "funding": {
        "url": "https://github.com/sponsors/ljharb"
      }
    },
    "node_modules/hasown": {
      "version": "2.0.2",
      "resolved": "https://nexushost.is.adyen.com/repository/npm-internal/hasown/-/hasown-2.0.2.tgz",
      "integrity": "sha512-WfkiVJwSNdbTyvWOE7BQ4ozkadB48offVmd2Psjiaija3XZD6ScOK7QV5o9SnkSMVZSUPb8E31kaqdo+x79eCQ==",
      "license": "MIT",
      "dependencies": {
        "function-bind": "^1.1.2"
      },
      "engines": {
        "node": ">= 0.4"
      }
    },
    "node_modules/http-errors": {
      "version": "2.0.0",
      "resolved": "https://nexushost.is.adyen.com/repository/npm-internal/http-errors/-/http-errors-2.0.0.tgz",
      "integrity": "sha512-gAKqZlbFp1hSQqQlXxJrlCNgBJ6I9MQutfis75aWjEilwiuK0oe502jWc3CQgTLbK3O/Uk4tOD0hXGBjusZA2g==",
      "license": "MIT",
      "dependencies": {
        "depd": "2.0.0",
        "inherits": "2.0.4",
        "setprototypeof": "1.2.0",
        "statuses": "2.0.1",
        "toidentifier": "1.0.1"
      },
      "engines": {
        "node": ">= 0.8"
      }
    },
    "node_modules/iconv-lite": {
      "version": "0.6.3",
      "resolved": "https://nexushost.is.adyen.com/repository/npm-internal/iconv-lite/-/iconv-lite-0.6.3.tgz",
      "integrity": "sha512-v8rS0Gq+p7fokDedgVMAMyr4w9mo/sxmd911tpeiCzU74YUclRJRhi2u7IL9e7BtqycPwBHrxeLe1JFhrc/isg==",
      "license": "MIT",
      "dependencies": {
        "safer-buffer": ">= 2.1.2 < 3.0.0"
      },
      "engines": {
        "node": ">=0.10.0"
      }
    },
    "node_modules/inherits": {
      "version": "2.0.4",
      "resolved": "https://nexushost.is.adyen.com/repository/npm-internal/inherits/-/inherits-2.0.4.tgz",
      "integrity": "sha512-dd8S6T9B2xpelltULuAerg3ZAZ2VXnZmzwZm5uaYtKKPq+iy4dcFqtv/BbQdSuvEUBJn/pVNaOg2m54dLpZ5XQ==",
      "license": "ISC"
    },
    "node_modules/ipaddr.js": {
      "version": "1.9.1",
      "resolved": "https://nexushost.is.adyen.com/repository/npm-internal/ipaddr.js/-/ipaddr.js-1.9.1.tgz",
      "integrity": "sha512-UbJFy1fDojvdcyL4cBDWRxoqt9+NkiVKMAgCu/WSN4KZByWlWVbX0WJ4oOUaipZN04f36EDezscovIlankH0HQ==",
      "license": "MIT",
      "engines": {
        "node": ">= 0.10"
      }
    },
    "node_modules/is-promise": {
      "version": "4.0.0",
      "resolved": "https://nexushost.is.adyen.com/repository/npm-internal/is-promise/-/is-promise-4.0.0.tgz",
      "integrity": "sha512-BwIMaBj4bsjMzzf4miEeU0sbPvGEEuATbZ7DXYpebs4TMfIESfGUoodfxew34s/I5CpgOgbQCzDYwyRZhHpp8Q==",
      "license": "MIT"
    },
    "node_modules/math-intrinsics": {
      "version": "1.1.0",
      "resolved": "https://nexushost.is.adyen.com/repository/npm-internal/math-intrinsics/-/math-intrinsics-1.1.0.tgz",
      "integrity": "sha512-FLsl0vIKLWjQZcmC18zNhyi8hv8MXjyvtXYnu5JQMxNKagDnACPTtaI05N7D7jb+5pVeGdpjRmdks7rxLwKP2Q==",
      "license": "MIT",
      "engines": {
        "node": ">= 0.4"
      }
    },
    "node_modules/media-typer": {
      "version": "1.1.0",
      "resolved": "https://nexushost.is.adyen.com/repository/npm-internal/media-typer/-/media-typer-1.1.0.tgz",
      "integrity": "sha512-PwSvKzZCcRHMJUEpQI4g1yNaREXboz925dDo2/Vg32mep08mOO9XyY4VrYpG3fuFiZkDeqh4Vux+DFp7lCTzAg==",
      "license": "MIT",
      "engines": {
        "node": ">= 0.8"
      }
    },
    "node_modules/merge-descriptors": {
      "version": "2.0.0",
      "resolved": "https://nexushost.is.adyen.com/repository/npm-internal/merge-descriptors/-/merge-descriptors-2.0.0.tgz",
      "integrity": "sha512-3esYo+TYuq++sDTDd+CFSkUQXpquPiXSAq74/LcPBQ++62jZRFkkJmVkbrIZR2/gcG6DElvzGQ7VSAPn1H/UFA==",
      "license": "MIT",
      "engines": {
        "node": ">=18"
      },
      "funding": {
        "url": "https://github.com/sponsors/sindresorhus"
      }
    },
    "node_modules/mime-db": {
      "version": "1.54.0",
      "resolved": "https://nexushost.is.adyen.com/repository/npm-internal/mime-db/-/mime-db-1.54.0.tgz",
      "integrity": "sha512-VZFAQkPhsdCXzPSyxmGRJtNb1rK1vCUze8jQcW5B7XUjoXDUAraOI9Ok6DrJihAw2qezZ61OZ1QamSgeEO/V/w==",
      "license": "MIT",
      "engines": {
        "node": ">= 0.6"
      }
    },
    "node_modules/mime-types": {
      "version": "3.0.1",
      "resolved": "https://nexushost.is.adyen.com/repository/npm-internal/mime-types/-/mime-types-3.0.1.tgz",
      "integrity": "sha512-ov5zsiTsX0YAhenYXtVsd1jXwlD7b0r5+0G9cNHAyxGRH2QmzJ9pUEsLmNM/f3r5oT/pVtXXz2FaBKZpnya9fA==",
      "license": "MIT",
      "dependencies": {
        "mime-db": "^1.54.0"
      },
      "engines": {
        "node": ">= 0.6"
      }
    },
    "node_modules/ms": {
      "version": "2.1.3",
      "resolved": "https://nexushost.is.adyen.com/repository/npm-internal/ms/-/ms-2.1.3.tgz",
      "integrity": "sha512-M+fIarkcQyUJra0grT1jLwJXkCedYrlVGFYhECvkW5G4Gp61qiq8Wy3NVBJpRRSlbyvT/bJxOqzxsclE/KqSRQ==",
      "license": "MIT"
    },
    "node_modules/negotiator": {
      "version": "1.0.0",
      "resolved": "https://nexushost.is.adyen.com/repository/npm-internal/negotiator/-/negotiator-1.0.0.tgz",
      "integrity": "sha512-Cv0qy8xYRe8zp4QtdjuWQWIsKoLoVcr/0kFH5Q3ZaPHuSmqPKqxH36y5PETk2HfVaWmLCLhgcV1zFCKe4eNIYQ==",
      "license": "MIT",
      "engines": {
        "node": ">= 0.6"
      }
    },
    "node_modules/object-inspect": {
      "version": "1.13.4",
      "resolved": "https://nexushost.is.adyen.com/repository/npm-internal/object-inspect/-/object-inspect-1.13.4.tgz",
      "integrity": "sha512-qxvbLV5/nuMC1WlxSj/lLxcUBF8nPe37T1ZdHeEER6o64wVkCXI7PXWZVJP+22iYmAy5gCHgkvaRcOmcBeP3SQ==",
      "license": "MIT",
      "engines": {
        "node": ">= 0.4"
      },
      "funding": {
        "url": "https://github.com/sponsors/ljharb"
      }
    },
    "node_modules/on-finished": {
      "version": "2.4.1",
      "resolved": "https://nexushost.is.adyen.com/repository/npm-internal/on-finished/-/on-finished-2.4.1.tgz",
      "integrity": "sha512-/px5Hpslryu4hHo6q8qmMQP1TnlMWyKy+r6vhZqTDFIOnnPkcJUC0psYeX516d6D4iGEqyhdfWlsRtkY6vi1VQ==",
      "license": "MIT",
      "dependencies": {
        "ee-first": "1.1.1"
      },
      "engines": {
        "node": ">= 0.8"
      }
    },
    "node_modules/once": {
      "version": "1.4.0",
      "resolved": "https://nexushost.is.adyen.com/repository/npm-internal/once/-/once-1.4.0.tgz",
      "integrity": "sha512-lNaJgI+2Q5URQBkccEKHTQOPaXdUxnZZElQTZY0MFUAuaEqe1E+Nyvgdz/aIyNi6Z9MzO5dv1H8n58/GELp3+w==",
      "license": "ISC",
      "dependencies": {
        "wrappy": "1"
      }
    },
    "node_modules/parseurl": {
      "version": "1.3.3",
      "resolved": "https://nexushost.is.adyen.com/repository/npm-internal/parseurl/-/parseurl-1.3.3.tgz",
      "integrity": "sha512-FSAt+Q25vWdZhuo/ujAmRa2Zv3urYcU2sWUBG3zPVupwVFhT/Yhefay4H3epBRgoYIWy47iukEVpCtnLe7ejew==",
      "license": "MIT",
      "engines": {
        "node": ">= 0.8"
      }
    },
    "node_modules/path-to-regexp": {
      "version": "8.2.0",
      "resolved": "https://nexushost.is.adyen.com/repository/npm-internal/path-to-regexp/-/path-to-regexp-8.2.0.tgz",
      "integrity": "sha512-DNsUiVuZ7zqOWy+/eoLltejVEiF3NhNjKM4mTQIma4o6j4SOGm+MuXK5dPJzhqzbVRZ56MV+JH9Nf6n8ecGoGA==",
      "license": "MIT",
      "engines": {
        "node": ">=16"
      }
    },
    "node_modules/proxy-addr": {
      "version": "2.0.7",
      "resolved": "https://nexushost.is.adyen.com/repository/npm-internal/proxy-addr/-/proxy-addr-2.0.7.tgz",
      "integrity": "sha512-rnYtejEwHLdGWiOHu7nQLGDViioX98bG8g/EKPCtbPKciJjKJrpUZq9TevObgFU+DYFAtuYaugeMFZBGJs5vpg==",
      "license": "MIT",
      "dependencies": {
        "forwarded": "0.2.0",
        "ipaddr.js": "1.9.1"
      },
      "engines": {
        "node": ">= 0.10"
      }
    },
    "node_modules/qs": {
      "version": "6.14.0",
      "resolved": "https://nexushost.is.adyen.com/repository/npm-internal/qs/-/qs-6.14.0.tgz",
      "integrity": "sha512-OiIevG+Xryt48UgerK5gLyxcAK7lXZFnnoP/UKMGYReGQ2OkeqpU/Gjt9oNLp3q3E6wXhy7y6du4mpmHAfcjXA==",
      "license": "BSD-3-Clause",
      "dependencies": {
        "side-channel": "^1.1.0"
      },
      "engines": {
        "node": ">=0.6"
      },
      "funding": {
        "url": "https://github.com/sponsors/ljharb"
      }
    },
    "node_modules/range-parser": {
      "version": "1.2.1",
      "resolved": "https://nexushost.is.adyen.com/repository/npm-internal/range-parser/-/range-parser-1.2.1.tgz",
      "integrity": "sha512-lcFdBF+D41yXgEyo5i+Ra7IYH0eMWRo9Tj8zYcP+PsR+vAwQpGsdA8YyxWnEyQxjJb/Nx4KTJHufIEq9rZlwVQ==",
      "license": "MIT",
      "engines": {
        "node": ">= 0.6"
      }
    },
    "node_modules/raw-body": {
      "version": "3.0.0",
      "resolved": "https://nexushost.is.adyen.com/repository/npm-internal/raw-body/-/raw-body-3.0.0.tgz",
      "integrity": "sha512-n4Pg11hukqW4rnGbkhP8lvsjHRHJzd9/3UbN1il9MOOyXfdhygrUC+wkP1TVoR1fZl01ESI49W2tPl2OHwf3dA==",
      "license": "MIT",
      "dependencies": {
        "bytes": "3.1.2",
        "http-errors": "2.0.0",
        "iconv-lite": "0.6.3",
        "unpipe": "1.0.0"
      },
      "engines": {
        "node": ">= 0.8"
      }
    },
    "node_modules/router": {
      "version": "2.2.0",
      "resolved": "https://nexushost.is.adyen.com/repository/npm-internal/router/-/router-2.2.0.tgz",
      "integrity": "sha512-eALKWVOiHiOMN2GTa58C1GJnnD4s1WOrEwcvHsSY1CgYas8SodpzZp7+3Mx2zLNSXL1/PmT9boQ1uLT0VJ84Vw==",
      "license": "MIT",
      "dependencies": {
        "debug": "^4.4.0",
        "depd": "^2.0.0",
        "is-promise": "^4.0.0",
        "parseurl": "^1.3.3",
        "path-to-regexp": "^8.0.0"
      },
      "engines": {
        "node": ">= 18"
      }
    },
    "node_modules/safe-buffer": {
      "version": "5.2.1",
      "resolved": "https://nexushost.is.adyen.com/repository/npm-internal/safe-buffer/-/safe-buffer-5.2.1.tgz",
      "integrity": "sha512-corXGUQHFF+0MkynX8FVQ78oKZVp2RQ7j/cpuAqpBTzgRcqTCbMSUPMIEeX5KIPQZ0Pb948tIobw8+se4UdUUw==",
      "funding": [
        {
          "type": "github",
          "url": "https://github.com/sponsors/feross"
        },
        {
          "type": "patreon",
          "url": "https://www.patreon.com/feross"
        },
        {
          "type": "consulting",
          "url": "https://feross.org/support"
        }
      ],
      "license": "MIT"
    },
    "node_modules/safer-buffer": {
      "version": "2.1.2",
      "resolved": "https://nexushost.is.adyen.com/repository/npm-internal/safer-buffer/-/safer-buffer-2.1.2.tgz",
      "integrity": "sha512-YZo3K82SD7Riyi0E1EQPojLz7kpepnSQI9IyPbHHg1XXXevb5dJI7tpyN2ADxGcQbHG7vcyRHk0cbwqcQriUtg==",
      "license": "MIT"
    },
    "node_modules/send": {
      "version": "1.2.0",
      "resolved": "https://nexushost.is.adyen.com/repository/npm-internal/send/-/send-1.2.0.tgz",
      "integrity": "sha512-QbltLTfprMRaST5pGv8+UepI2PJ2VwpRnFygNr63q66MGxMiIxcSt1o5aG/TNFGJgMl3JhFbaOH+b/wb45Hj3Q==",
      "license": "MIT",
      "dependencies": {
        "debug": "^4.3.5",
        "encodeurl": "^2.0.0",
        "escape-html": "^1.0.3",
        "etag": "^1.8.1",
        "fresh": "^2.0.0",
        "http-errors": "^2.0.0",
        "mime-types": "^3.0.1",
        "ms": "^2.1.3",
        "on-finished": "^2.4.1",
        "range-parser": "^1.2.1",
        "statuses": "^2.0.1"
      },
      "engines": {
        "node": ">= 18"
      }
    },
    "node_modules/serve-static": {
      "version": "2.2.0",
      "resolved": "https://nexushost.is.adyen.com/repository/npm-internal/serve-static/-/serve-static-2.2.0.tgz",
      "integrity": "sha512-aeNxFArL5/Fk/uYtf3YUoJVu3wqEWW1jpZA5q8lIIEVlLr4MWflTVVWvhqlObWO3qYL8TVSRdm6XLopB4O1N7Q==",
      "license": "MIT",
      "dependencies": {
        "encodeurl": "^2.0.0",
        "escape-html": "^1.0.3",
        "parseurl": "^1.3.3",
        "send": "^1.2.0"
      },
      "engines": {
        "node": ">= 18"
      }
    },
    "node_modules/setprototypeof": {
      "version": "1.2.0",
      "resolved": "https://nexushost.is.adyen.com/repository/npm-internal/setprototypeof/-/setprototypeof-1.2.0.tgz",
      "integrity": "sha512-44zWHYtzse7McVrpI83+TtAdxhV1dhNCA+4ujG19DBKEe9KRxaGY/UGYFUnNp/OV0VJdgfXVnQt2BI7p3BelBA==",
      "license": "ISC"
    },
    "node_modules/side-channel": {
      "version": "1.1.0",
      "resolved": "https://nexushost.is.adyen.com/repository/npm-internal/side-channel/-/side-channel-1.1.0.tgz",
      "integrity": "sha512-trVIUKnwWZ7hsVxWCqcQ2QdzzhLo2DlDbj1dtsD1qg4O6urU6jotnycdQTUp9OANuYsTVjElTvSoDETWJR979w==",
      "license": "MIT",
      "dependencies": {
        "es-errors": "^1.3.0",
        "object-inspect": "^1.13.3",
        "side-channel-list": "^1.0.0",
        "side-channel-map": "^1.0.1",
        "side-channel-weakmap": "^1.0.2"
      },
      "engines": {
        "node": ">= 0.4"
      },
      "funding": {
        "url": "https://github.com/sponsors/ljharb"
      }
    },
    "node_modules/side-channel-list": {
      "version": "1.0.0",
      "resolved": "https://nexushost.is.adyen.com/repository/npm-internal/side-channel-list/-/side-channel-list-1.0.0.tgz",
      "integrity": "sha512-Qh64BaOWgDNicdugE6df4JVzip7+X+nK35SQbHxa/XjGmT0ZR4caKqnNEP1XYveLsh15yNzgV/sHQmF79GUciA==",
      "license": "MIT",
      "dependencies": {
        "es-errors": "^1.3.0",
        "object-inspect": "^1.13.3"
      },
      "engines": {
        "node": ">= 0.4"
      },
      "funding": {
        "url": "https://github.com/sponsors/ljharb"
      }
    },
    "node_modules/side-channel-map": {
      "version": "1.0.1",
      "resolved": "https://nexushost.is.adyen.com/repository/npm-internal/side-channel-map/-/side-channel-map-1.0.1.tgz",
      "integrity": "sha512-ezrR0Mv3xtONugH/eNxvbWzxQCfReuVKFzFZb8evFu677/W7K2xOAYLEdB2QuT+8OBuU2Y8i7fk2B7WXkJLM0w==",
      "license": "MIT",
      "dependencies": {
        "call-bound": "^1.0.2",
        "es-errors": "^1.3.0",
        "get-intrinsic": "^1.2.5",
        "object-inspect": "^1.13.3"
      },
      "engines": {
        "node": ">= 0.4"
      },
      "funding": {
        "url": "https://github.com/sponsors/ljharb"
      }
    },
    "node_modules/side-channel-weakmap": {
      "version": "1.0.2",
      "resolved": "https://nexushost.is.adyen.com/repository/npm-internal/side-channel-weakmap/-/side-channel-weakmap-1.0.2.tgz",
      "integrity": "sha512-PxNHCIlOsjJzeI26rfIWJCz7cMQsh7ykxM9G88Ye+HuM28nZ7QiZTgWhcq37/G5iKznzE/l7cL3OHhWnRA3hOA==",
      "license": "MIT",
      "dependencies": {
        "call-bound": "^1.0.2",
        "es-errors": "^1.3.0",
        "get-intrinsic": "^1.2.5",
        "object-inspect": "^1.13.3",
        "side-channel-map": "^1.0.1"
      },
      "engines": {
        "node": ">= 0.4"
      },
      "funding": {
        "url": "https://github.com/sponsors/ljharb"
      }
    },
    "node_modules/statuses": {
      "version": "2.0.1",
      "resolved": "https://nexushost.is.adyen.com/repository/npm-internal/statuses/-/statuses-2.0.1.tgz",
      "integrity": "sha512-wb53PL8WH4GCI5hGYT8OYbk0VaeyUJKy5o9Ht9e/BBaOdXD4svF07kcMzviBN9r9kjNYZ6s1Zql/KtOPTzuucA==",
      "license": "MIT",
      "engines": {
        "node": ">= 0.8"
      }
    },
    "node_modules/toidentifier": {
      "version": "1.0.1",
      "resolved": "https://nexushost.is.adyen.com/repository/npm-internal/toidentifier/-/toidentifier-1.0.1.tgz",
      "integrity": "sha512-Cf/i/1R3ow86cxx+pWUvH13jR40SNk3/9rJAhYFzFE52SrjhD7iYcoAOmm/C7ZdcO8xHBfj9/Ify/NTYc8SwAA==",
      "license": "MIT",
      "engines": {
        "node": ">=0.6"
      }
    },
    "node_modules/type-is": {
      "version": "2.0.1",
      "resolved": "https://nexushost.is.adyen.com/repository/npm-internal/type-is/-/type-is-2.0.1.tgz",
      "integrity": "sha512-vmrq0FHjVVUXyRhbgo+IaoamnF8Qq+zbwimC73KFh5yA06c8sl0qoVncJNAu/pBVMUScpY2GuNFnsxl49GzkKg==",
      "license": "MIT",
      "dependencies": {
        "content-type": "^1.0.5",
        "media-typer": "^1.1.0",
        "mime-types": "^3.0.0"
      },
      "engines": {
        "node": ">= 0.6"
      }
    },
    "node_modules/unpipe": {
      "version": "1.0.0",
      "resolved": "https://nexushost.is.adyen.com/repository/npm-internal/unpipe/-/unpipe-1.0.0.tgz",
      "integrity": "sha512-pjy2bYhSsufwWlKwPc+l3cN7+wuJlK6uz0YdJEOlQDbl6jo/YlPi4mb8agUkVC8BF7V8NuzeyPNqRksA3hztKQ==",
      "license": "MIT",
      "engines": {
        "node": ">= 0.8"
      }
    },
    "node_modules/vary": {
      "version": "1.1.2",
      "resolved": "https://nexushost.is.adyen.com/repository/npm-internal/vary/-/vary-1.1.2.tgz",
      "integrity": "sha512-BNGbWLfd0eUPabhkXUVm0j8uuvREyTh5ovRa/dyow/BqAbZJyC+5fU+IzQOzmAKzYqYRAISoRhdQr3eIZ/PXqg==",
      "license": "MIT",
      "engines": {
        "node": ">= 0.8"
      }
    },
    "node_modules/wrappy": {
      "version": "1.0.2",
      "resolved": "https://nexushost.is.adyen.com/repository/npm-internal/wrappy/-/wrappy-1.0.2.tgz",
      "integrity": "sha512-l4Sp/DRseor9wL6EvV2+TuQn63dMkPjZ/sp9XkghTEbV9KlPS1xUsZ3u7/IQO4wxtcFB4bgpQPRcR3QCvezPcQ==",
      "license": "ISC"
    }
  }
}
